{
  "version": 4,
  "terraform_version": "1.3.7",
  "serial": 90,
  "lineage": "774fcbd8-54f2-2537-ae23-663f67802fa3",
  "outputs": {},
  "resources": [
    {
      "module": "module.bucket[\"bucket_01\"]",
      "mode": "managed",
      "type": "aws_s3_bucket",
      "name": "jmabellan",
      "provider": "provider[\"registry.terraform.io/hashicorp/aws\"]",
      "instances": [
        {
          "schema_version": 0,
          "attributes": {
            "acceleration_status": "",
            "acl": null,
            "arn": "arn:aws:s3:::s3jmabellanawspro0",
            "bucket": "s3jmabellanawspro0",
            "bucket_domain_name": "s3jmabellanawspro0.s3.amazonaws.com",
            "bucket_prefix": null,
            "bucket_regional_domain_name": "s3jmabellanawspro0.s3.eu-central-1.amazonaws.com",
            "cors_rule": [],
            "force_destroy": false,
            "grant": [
              {
                "id": "1bd7cd85d0fcf282a7ca1d5f3b584ab5ebc729942bf95718cec382220cdcb579",
                "permissions": [
                  "FULL_CONTROL"
                ],
                "type": "CanonicalUser",
                "uri": ""
              }
            ],
            "hosted_zone_id": "Z21DNDUVLTQW6Q",
            "id": "s3jmabellanawspro0",
            "lifecycle_rule": [],
            "logging": [],
            "object_lock_configuration": [],
            "object_lock_enabled": false,
            "policy": "",
            "region": "eu-central-1",
            "replication_configuration": [],
            "request_payer": "BucketOwner",
            "server_side_encryption_configuration": [],
            "tags": {
              "Environment": "pro",
              "Name": "s3jmabellanawspro0"
            },
            "tags_all": {
              "Environment": "pro",
              "Name": "s3jmabellanawspro0"
            },
            "timeouts": null,
            "versioning": [
              {
                "enabled": false,
                "mfa_delete": false
              }
            ],
            "website": [],
            "website_domain": null,
            "website_endpoint": null
          },
          "sensitive_attributes": [],
          "private": "eyJlMmJmYjczMC1lY2FhLTExZTYtOGY4OC0zNDM2M2JjN2M0YzAiOnsiY3JlYXRlIjoxMjAwMDAwMDAwMDAwLCJkZWxldGUiOjM2MDAwMDAwMDAwMDAsInJlYWQiOjEyMDAwMDAwMDAwMDAsInVwZGF0ZSI6MTIwMDAwMDAwMDAwMH19"
        }
      ]
    },
    {
      "module": "module.bucket[\"bucket_02\"]",
      "mode": "managed",
      "type": "aws_s3_bucket",
      "name": "jmabellan",
      "provider": "provider[\"registry.terraform.io/hashicorp/aws\"]",
      "instances": [
        {
          "schema_version": 0,
          "attributes": {
            "acceleration_status": "",
            "acl": null,
            "arn": "arn:aws:s3:::s3jmabellanawspro1",
            "bucket": "s3jmabellanawspro1",
            "bucket_domain_name": "s3jmabellanawspro1.s3.amazonaws.com",
            "bucket_prefix": null,
            "bucket_regional_domain_name": "s3jmabellanawspro1.s3.eu-central-1.amazonaws.com",
            "cors_rule": [],
            "force_destroy": false,
            "grant": [
              {
                "id": "1bd7cd85d0fcf282a7ca1d5f3b584ab5ebc729942bf95718cec382220cdcb579",
                "permissions": [
                  "FULL_CONTROL"
                ],
                "type": "CanonicalUser",
                "uri": ""
              }
            ],
            "hosted_zone_id": "Z21DNDUVLTQW6Q",
            "id": "s3jmabellanawspro1",
            "lifecycle_rule": [],
            "logging": [],
            "object_lock_configuration": [],
            "object_lock_enabled": false,
            "policy": "",
            "region": "eu-central-1",
            "replication_configuration": [],
            "request_payer": "BucketOwner",
            "server_side_encryption_configuration": [],
            "tags": {
              "Environment": "pro",
              "Name": "s3jmabellanawspro1"
            },
            "tags_all": {
              "Environment": "pro",
              "Name": "s3jmabellanawspro1"
            },
            "timeouts": null,
            "versioning": [
              {
                "enabled": false,
                "mfa_delete": false
              }
            ],
            "website": [],
            "website_domain": null,
            "website_endpoint": null
          },
          "sensitive_attributes": [],
          "private": "eyJlMmJmYjczMC1lY2FhLTExZTYtOGY4OC0zNDM2M2JjN2M0YzAiOnsiY3JlYXRlIjoxMjAwMDAwMDAwMDAwLCJkZWxldGUiOjM2MDAwMDAwMDAwMDAsInJlYWQiOjEyMDAwMDAwMDAwMDAsInVwZGF0ZSI6MTIwMDAwMDAwMDAwMH19"
        }
      ]
    },
    {
      "module": "module.ec2[\"instance_01\"]",
      "mode": "managed",
      "type": "aws_instance",
      "name": "jmabellan",
      "provider": "provider[\"registry.terraform.io/hashicorp/aws\"]",
      "instances": [
        {
          "schema_version": 1,
          "attributes": {
            "ami": "ami-06c39ed6b42908a36",
            "arn": "arn:aws:ec2:eu-central-1:006921246751:instance/i-0275ff88d04196f08",
            "associate_public_ip_address": false,
            "availability_zone": "eu-central-1a",
            "capacity_reservation_specification": [
              {
                "capacity_reservation_preference": "open",
                "capacity_reservation_target": []
              }
            ],
            "cpu_core_count": 1,
            "cpu_threads_per_core": 2,
            "credit_specification": [
              {
                "cpu_credits": "unlimited"
              }
            ],
            "disable_api_stop": false,
            "disable_api_termination": false,
            "ebs_block_device": [],
            "ebs_optimized": false,
            "enclave_options": [
              {
                "enabled": false
              }
            ],
            "ephemeral_block_device": [],
            "get_password_data": false,
            "hibernation": false,
            "host_id": "",
            "host_resource_group_arn": null,
            "iam_instance_profile": "",
            "id": "i-0275ff88d04196f08",
            "instance_initiated_shutdown_behavior": "stop",
            "instance_state": "running",
            "instance_type": "t3.micro",
            "ipv6_address_count": 0,
            "ipv6_addresses": [],
            "key_name": "",
            "launch_template": [],
            "maintenance_options": [
              {
                "auto_recovery": "default"
              }
            ],
            "metadata_options": [
              {
                "http_endpoint": "enabled",
                "http_put_response_hop_limit": 1,
                "http_tokens": "optional",
                "instance_metadata_tags": "disabled"
              }
            ],
            "monitoring": false,
            "network_interface": [
              {
                "delete_on_termination": false,
                "device_index": 0,
                "network_card_index": 0,
                "network_interface_id": "eni-051fdaac523aaa399"
              }
            ],
            "outpost_arn": "",
            "password_data": "",
            "placement_group": "",
            "placement_partition_number": 0,
            "primary_network_interface_id": "eni-051fdaac523aaa399",
            "private_dns": "ip-10-2-2-240.eu-central-1.compute.internal",
            "private_dns_name_options": [
              {
                "enable_resource_name_dns_a_record": false,
                "enable_resource_name_dns_aaaa_record": false,
                "hostname_type": "ip-name"
              }
            ],
            "private_ip": "10.2.2.240",
            "public_dns": "",
            "public_ip": "",
            "root_block_device": [
              {
                "delete_on_termination": true,
                "device_name": "/dev/xvda",
                "encrypted": false,
                "iops": 100,
                "kms_key_id": "",
                "tags": {},
                "throughput": 0,
                "volume_id": "vol-0dce6ee5f06c5ca80",
                "volume_size": 8,
                "volume_type": "gp2"
              }
            ],
            "secondary_private_ips": [],
            "security_groups": [],
            "source_dest_check": true,
            "subnet_id": "subnet-0b67e7931f0683af2",
            "tags": {
              "Name": "ec2-jmabellan-aws-pro-0"
            },
            "tags_all": {
              "Name": "ec2-jmabellan-aws-pro-0"
            },
            "tenancy": "default",
            "timeouts": null,
            "user_data": null,
            "user_data_base64": null,
            "user_data_replace_on_change": false,
            "volume_tags": null,
            "vpc_security_group_ids": [
              "sg-0e373cf840a48571f"
            ]
          },
          "sensitive_attributes": [],
          "private": "eyJlMmJmYjczMC1lY2FhLTExZTYtOGY4OC0zNDM2M2JjN2M0YzAiOnsiY3JlYXRlIjo2MDAwMDAwMDAwMDAsImRlbGV0ZSI6MTIwMDAwMDAwMDAwMCwidXBkYXRlIjo2MDAwMDAwMDAwMDB9LCJzY2hlbWFfdmVyc2lvbiI6IjEifQ==",
          "dependencies": [
            "module.network_interfaces.aws_network_interface.jmabellan",
            "module.subnet.aws_subnet.my_subnet",
            "module.vpc.aws_vpc.jmabellan"
          ]
        }
      ]
    },
    {
      "module": "module.network_interfaces[\"network_interface_01\"]",
      "mode": "managed",
      "type": "aws_network_interface",
      "name": "jmabellan",
      "provider": "provider[\"registry.terraform.io/hashicorp/aws\"]",
      "instances": [
        {
          "schema_version": 0,
          "attributes": {
            "arn": "arn:aws:ec2:eu-central-1:006921246751:network-interface/eni-051fdaac523aaa399",
            "attachment": [],
            "description": "",
            "id": "eni-051fdaac523aaa399",
            "interface_type": "interface",
            "ipv4_prefix_count": 0,
            "ipv4_prefixes": [],
            "ipv6_address_count": 0,
            "ipv6_address_list": [],
            "ipv6_address_list_enabled": false,
            "ipv6_addresses": [],
            "ipv6_prefix_count": 0,
            "ipv6_prefixes": [],
            "mac_address": "02:95:e3:22:95:2e",
            "outpost_arn": "",
            "owner_id": "006921246751",
            "private_dns_name": "",
            "private_ip": "10.2.2.240",
            "private_ip_list": [
              "10.2.2.240"
            ],
            "private_ip_list_enabled": false,
            "private_ips": [
              "10.2.2.240"
            ],
            "private_ips_count": 0,
            "security_groups": [
              "sg-0e373cf840a48571f"
            ],
            "source_dest_check": true,
            "subnet_id": "subnet-0b67e7931f0683af2",
            "tags": {
              "Name": "networkInterface-jmabellan-aws-pro-0"
            },
            "tags_all": {
              "Name": "networkInterface-jmabellan-aws-pro-0"
            }
          },
          "sensitive_attributes": [],
          "private": "bnVsbA==",
          "dependencies": [
            "module.subnet.aws_subnet.my_subnet",
            "module.vpc.aws_vpc.jmabellan"
          ]
        }
      ]
    },
    {
      "module": "module.subnet[\"subnet_01\"]",
      "mode": "managed",
      "type": "aws_subnet",
      "name": "my_subnet",
      "provider": "provider[\"registry.terraform.io/hashicorp/aws\"]",
      "instances": [
        {
          "schema_version": 1,
          "attributes": {
            "arn": "arn:aws:ec2:eu-central-1:006921246751:subnet/subnet-0b67e7931f0683af2",
            "assign_ipv6_address_on_creation": false,
            "availability_zone": "eu-central-1a",
            "availability_zone_id": "euc1-az2",
            "cidr_block": "10.2.2.0/24",
            "customer_owned_ipv4_pool": "",
            "enable_dns64": false,
            "enable_resource_name_dns_a_record_on_launch": false,
            "enable_resource_name_dns_aaaa_record_on_launch": false,
            "id": "subnet-0b67e7931f0683af2",
            "ipv6_cidr_block": "",
            "ipv6_cidr_block_association_id": "",
            "ipv6_native": false,
            "map_customer_owned_ip_on_launch": false,
            "map_public_ip_on_launch": false,
            "outpost_arn": "",
            "owner_id": "006921246751",
            "private_dns_hostname_type_on_launch": "ip-name",
            "tags": {
              "Name": "subnet-jmabellan-aws-pro-0-priv"
            },
            "tags_all": {
              "Name": "subnet-jmabellan-aws-pro-0-priv"
            },
            "timeouts": null,
            "vpc_id": "vpc-0b00ccff14aafdc20"
          },
          "sensitive_attributes": [],
          "private": "eyJlMmJmYjczMC1lY2FhLTExZTYtOGY4OC0zNDM2M2JjN2M0YzAiOnsiY3JlYXRlIjo2MDAwMDAwMDAwMDAsImRlbGV0ZSI6MTIwMDAwMDAwMDAwMH0sInNjaGVtYV92ZXJzaW9uIjoiMSJ9",
          "dependencies": [
            "module.vpc.aws_vpc.jmabellan"
          ]
        }
      ]
    },
    {
      "module": "module.subnet[\"subnet_02\"]",
      "mode": "managed",
      "type": "aws_subnet",
      "name": "my_subnet",
      "provider": "provider[\"registry.terraform.io/hashicorp/aws\"]",
      "instances": [
        {
          "schema_version": 1,
          "attributes": {
            "arn": "arn:aws:ec2:eu-central-1:006921246751:subnet/subnet-00586ba027fcdd083",
            "assign_ipv6_address_on_creation": false,
            "availability_zone": "eu-central-1a",
            "availability_zone_id": "euc1-az2",
            "cidr_block": "10.2.3.0/24",
            "customer_owned_ipv4_pool": "",
            "enable_dns64": false,
            "enable_resource_name_dns_a_record_on_launch": false,
            "enable_resource_name_dns_aaaa_record_on_launch": false,
            "id": "subnet-00586ba027fcdd083",
            "ipv6_cidr_block": "",
            "ipv6_cidr_block_association_id": "",
            "ipv6_native": false,
            "map_customer_owned_ip_on_launch": false,
            "map_public_ip_on_launch": false,
            "outpost_arn": "",
            "owner_id": "006921246751",
            "private_dns_hostname_type_on_launch": "ip-name",
            "tags": {
              "Name": "subnet-jmabellan-aws-pro-1-priv"
            },
            "tags_all": {
              "Name": "subnet-jmabellan-aws-pro-1-priv"
            },
            "timeouts": null,
            "vpc_id": "vpc-0b00ccff14aafdc20"
          },
          "sensitive_attributes": [],
          "private": "eyJlMmJmYjczMC1lY2FhLTExZTYtOGY4OC0zNDM2M2JjN2M0YzAiOnsiY3JlYXRlIjo2MDAwMDAwMDAwMDAsImRlbGV0ZSI6MTIwMDAwMDAwMDAwMH0sInNjaGVtYV92ZXJzaW9uIjoiMSJ9",
          "dependencies": [
            "module.vpc.aws_vpc.jmabellan"
          ]
        }
      ]
    },
    {
      "module": "module.subnet[\"subnet_03\"]",
      "mode": "managed",
      "type": "aws_subnet",
      "name": "my_subnet",
      "provider": "provider[\"registry.terraform.io/hashicorp/aws\"]",
      "instances": [
        {
          "schema_version": 1,
          "attributes": {
            "arn": "arn:aws:ec2:eu-central-1:006921246751:subnet/subnet-079d7961d5772aec5",
            "assign_ipv6_address_on_creation": false,
            "availability_zone": "eu-central-1b",
            "availability_zone_id": "euc1-az3",
            "cidr_block": "10.2.4.0/24",
            "customer_owned_ipv4_pool": "",
            "enable_dns64": false,
            "enable_resource_name_dns_a_record_on_launch": false,
            "enable_resource_name_dns_aaaa_record_on_launch": false,
            "id": "subnet-079d7961d5772aec5",
            "ipv6_cidr_block": "",
            "ipv6_cidr_block_association_id": "",
            "ipv6_native": false,
            "map_customer_owned_ip_on_launch": false,
            "map_public_ip_on_launch": true,
            "outpost_arn": "",
            "owner_id": "006921246751",
            "private_dns_hostname_type_on_launch": "ip-name",
            "tags": {
              "Name": "subnet-jmabellan-aws-pro-2-pub"
            },
            "tags_all": {
              "Name": "subnet-jmabellan-aws-pro-2-pub"
            },
            "timeouts": null,
            "vpc_id": "vpc-0b00ccff14aafdc20"
          },
          "sensitive_attributes": [],
          "private": "eyJlMmJmYjczMC1lY2FhLTExZTYtOGY4OC0zNDM2M2JjN2M0YzAiOnsiY3JlYXRlIjo2MDAwMDAwMDAwMDAsImRlbGV0ZSI6MTIwMDAwMDAwMDAwMH0sInNjaGVtYV92ZXJzaW9uIjoiMSJ9",
          "dependencies": [
            "module.vpc.aws_vpc.jmabellan"
          ]
        }
      ]
    },
    {
      "module": "module.vpc[\"vpc_01\"]",
      "mode": "managed",
      "type": "aws_vpc",
      "name": "jmabellan",
      "provider": "provider[\"registry.terraform.io/hashicorp/aws\"]",
      "instances": [
        {
          "schema_version": 1,
          "attributes": {
            "arn": "arn:aws:ec2:eu-central-1:006921246751:vpc/vpc-0b00ccff14aafdc20",
            "assign_generated_ipv6_cidr_block": false,
            "cidr_block": "10.2.0.0/16",
            "default_network_acl_id": "acl-0f144ed0b463d8fb0",
            "default_route_table_id": "rtb-06b747660e9d7b8a1",
            "default_security_group_id": "sg-0e373cf840a48571f",
            "dhcp_options_id": "dopt-00d2ad4f52ea3f1d9",
            "enable_classiclink": false,
            "enable_classiclink_dns_support": false,
            "enable_dns_hostnames": false,
            "enable_dns_support": true,
            "enable_network_address_usage_metrics": false,
            "id": "vpc-0b00ccff14aafdc20",
            "instance_tenancy": "default",
            "ipv4_ipam_pool_id": null,
            "ipv4_netmask_length": null,
            "ipv6_association_id": "",
            "ipv6_cidr_block": "",
            "ipv6_cidr_block_network_border_group": "",
            "ipv6_ipam_pool_id": "",
            "ipv6_netmask_length": 0,
            "main_route_table_id": "rtb-06b747660e9d7b8a1",
            "owner_id": "006921246751",
            "tags": {
              "Environment": "pro",
              "Name": "vpc-jmabellan-aws-pro-0",
              "Nombre": "vpc-jmabellan-aws-pro-0"
            },
            "tags_all": {
              "Environment": "pro",
              "Name": "vpc-jmabellan-aws-pro-0",
              "Nombre": "vpc-jmabellan-aws-pro-0"
            }
          },
          "sensitive_attributes": [],
          "private": "eyJzY2hlbWFfdmVyc2lvbiI6IjEifQ=="
        }
      ]
    }
  ],
  "check_results": null
}
